
Microsoft Visual Studio Solution File, Format Version 12.00
# Visual Studio Version 16
VisualStudioVersion = 16.0.32002.261
MinimumVisualStudioVersion = 10.0.40219.1
Project("{FAE04EC0-301F-11D3-BF4B-00C04F79EFBC}") = "PurchasingManager", "PurchasingManager\PurchasingManager.csproj", "{2EFF6916-E13B-4B0F-B941-3ACFFFDDAFE6}"
EndProject
Project("{FAE04EC0-301F-11D3-BF4B-00C04F79EFBC}") = "QuanLyThuMua", "QuanLyThuMua\QuanLyThuMua.csproj", "{F04E3851-2921-4A9F-A854-FB20D1AED361}"
EndProject
Project("{FAE04EC0-301F-11D3-BF4B-00C04F79EFBC}") = "Test", "Test\Test.csproj", "{AAAC9D85-693D-4BE4-8E32-3FE3824FF972}"
EndProject
Project("{54435603-DBB4-11D2-8724-00A0C9A8B90C}") = "SetupPurchaseManaher", "SetupPurchaseManaher\SetupPurchaseManaher.vdproj", "{E7990CBF-2538-4E4A-BB69-7121168256D1}"
EndProject
Global
	GlobalSection(SolutionConfigurationPlatforms) = preSolution
		Debug|Any CPU = Debug|Any CPU
		Release|Any CPU = Release|Any CPU
	EndGlobalSection
	GlobalSection(ProjectConfigurationPlatforms) = postSolution
		{2EFF6916-E13B-4B0F-B941-3ACFFFDDAFE6}.Debug|Any CPU.ActiveCfg = Debug|Any CPU
		{2EFF6916-E13B-4B0F-B941-3ACFFFDDAFE6}.Debug|Any CPU.Build.0 = Debug|Any CPU
		{2EFF6916-E13B-4B0F-B941-3ACFFFDDAFE6}.Release|Any CPU.ActiveCfg = Release|Any CPU
		{2EFF6916-E13B-4B0F-B941-3ACFFFDDAFE6}.Release|Any CPU.Build.0 = Release|Any CPU
		{F04E3851-2921-4A9F-A854-FB20D1AED361}.Debug|Any CPU.ActiveCfg = Debug|Any CPU
		{F04E3851-2921-4A9F-A854-FB20D1AED361}.Debug|Any CPU.Build.0 = Debug|Any CPU
		{F04E3851-2921-4A9F-A854-FB20D1AED361}.Release|Any CPU.ActiveCfg = Release|Any CPU
		{F04E3851-2921-4A9F-A854-FB20D1AED361}.Release|Any CPU.Build.0 = Release|Any CPU
		{AAAC9D85-693D-4BE4-8E32-3FE3824FF972}.Debug|Any CPU.ActiveCfg = Debug|Any CPU
		{AAAC9D85-693D-4BE4-8E32-3FE3824FF972}.Debug|Any CPU.Build.0 = Debug|Any CPU
		{AAAC9D85-693D-4BE4-8E32-3FE3824FF972}.Release|Any CPU.ActiveCfg = Release|Any CPU
		{AAAC9D85-693D-4BE4-8E32-3FE3824FF972}.Release|Any CPU.Build.0 = Release|Any CPU
		{E7990CBF-2538-4E4A-BB69-7121168256D1}.Debug|Any CPU.ActiveCfg = Debug
		{E7990CBF-2538-4E4A-BB69-7121168256D1}.Release|Any CPU.ActiveCfg = Release
	EndGlobalSection
	GlobalSection(SolutionProperties) = preSolution
		HideSolutionNode = FALSE
	EndGlobalSection
	GlobalSection(ExtensibilityGlobals) = postSolution
		SolutionGuid = {BA79BE07-8AD3-4870-A791-D1BAFEC88F29}
	EndGlobalSection
EndGlobal
